PODS:
  - Alamofire (5.5.0)
  - Differentiator (5.0.0)
  - Kingfisher (4.10.1)
  - NVActivityIndicatorView (5.1.1):
    - NVActivityIndicatorView/Base (= 5.1.1)
  - NVActivityIndicatorView/Base (5.1.1)
  - ReachabilitySwift (5.0.0)
  - Realm (10.22.0):
    - Realm/Headers (= 10.22.0)
  - Realm/Headers (10.22.0)
  - RealmSwift (10.22.0):
    - Realm (= 10.22.0)
  - RxCocoa (6.2.0):
    - RxRelay (= 6.2.0)
    - RxSwift (= 6.2.0)
  - RxDataSources (5.0.0):
    - Differentiator (~> 5.0)
    - RxCocoa (~> 6.0)
    - RxSwift (~> 6.0)
  - RxGesture (4.0.3):
    - RxCocoa (~> 6.0)
    - RxSwift (~> 6.0)
  - RxRelay (6.2.0):
    - RxSwift (= 6.2.0)
  - RxSwift (6.2.0)
  - SnapKit (5.0.1)
  - TPKeyboardAvoiding (1.3.5)

DEPENDENCIES:
  - Alamofire (~> 5.2)
  - Kingfisher (~> 4.10.1)
  - NVActivityIndicatorView (= 5.1.1)
  - ReachabilitySwift (= 5.0.0)
  - Realm (~> 10.20)
  - RealmSwift (~> 10.20)
  - RxCocoa
  - RxDataSources
  - RxGesture (~> 4.0)
  - RxSwift (= 6.2.0)
  - SnapKit (= 5.0.1)
  - TPKeyboardAvoiding (~> 1.3)

SPEC REPOS:
  trunk:
    - Alamofire
    - Differentiator
    - Kingfisher
    - NVActivityIndicatorView
    - ReachabilitySwift
    - Realm
    - RealmSwift
    - RxCocoa
    - RxDataSources
    - RxGesture
    - RxRelay
    - RxSwift
    - SnapKit
    - TPKeyboardAvoiding

SPEC CHECKSUMS:
  Alamofire: 1c4fb5369c3fe93d2857c780d8bbe09f06f97e7c
  Differentiator: e8497ceab83c1b10ca233716d547b9af21b9344d
  Kingfisher: c148cd7b47ebde9989f6bc7c27dcaa79d81279a0
  NVActivityIndicatorView: 1f6c5687f1171810aa27a3296814dc2d7dec3667
  ReachabilitySwift: 985039c6f7b23a1da463388634119492ff86c825
  Realm: d9e4e5877095a6722145811f56fe89a531c9659d
  RealmSwift: e4191b4b957fcfcbed23751ec65eec98f8173ab5
  RxCocoa: 4baf94bb35f2c0ab31bc0cb9f1900155f646ba42
  RxDataSources: aa47cc1ed6c500fa0dfecac5c979b723542d79cf
  RxGesture: abadd243fc36db74df43dfc893829ddde94f1a3d
  RxRelay: e72dbfd157807478401ef1982e1c61c945c94b2f
  RxSwift: d356ab7bee873611322f134c5f9ef379fa183d8f
  SnapKit: 97b92857e3df3a0c71833cce143274bf6ef8e5eb
  TPKeyboardAvoiding: d55b3ea7b362540af8fcf36aa3ed2e87bf210cc6

PODFILE CHECKSUM: 43db844efcbfebdec33c7c3a6a7f0512c689e861

COCOAPODS: 1.11.2
